
Microsoft Visual Studio Solution File, Format Version 12.00
# Visual Studio Version 17
VisualStudioVersion = 17.14.36109.1 d17.14
MinimumVisualStudioVersion = 10.0.40219.1
Project("{FAE04EC0-301F-11D3-BF4B-00C04F79EFBC}") = "SportSectiones", "SportSectiones\SportSectiones.csproj", "{11368BB7-D8FF-4A08-9377-FF7DF32F5756}"
EndProject
Global
	GlobalSection(SolutionConfigurationPlatforms) = preSolution
		Debug|Any CPU = Debug|Any CPU
		Release|Any CPU = Release|Any CPU
	EndGlobalSection
	GlobalSection(ProjectConfigurationPlatforms) = postSolution
		{11368BB7-D8FF-4A08-9377-FF7DF32F5756}.Debug|Any CPU.ActiveCfg = Debug|Any CPU
		{11368BB7-D8FF-4A08-9377-FF7DF32F5756}.Debug|Any CPU.Build.0 = Debug|Any CPU
		{11368BB7-D8FF-4A08-9377-FF7DF32F5756}.Release|Any CPU.ActiveCfg = Release|Any CPU
		{11368BB7-D8FF-4A08-9377-FF7DF32F5756}.Release|Any CPU.Build.0 = Release|Any CPU
	EndGlobalSection
	GlobalSection(SolutionProperties) = preSolution
		HideSolutionNode = FALSE
	EndGlobalSection
	GlobalSection(ExtensibilityGlobals) = postSolution
		SolutionGuid = {1C6D40EF-4205-4294-B255-5780775F4CD3}
	EndGlobalSection
EndGlobal
